
Microsoft Visual Studio Solution File, Format Version 12.00
# Visual Studio Version 16
VisualStudioVersion = 16.0.31321.278
MinimumVisualStudioVersion = 10.0.40219.1
Project("{9A19103F-16F7-4668-BE54-9A1E7A4F7556}") = "LibraryManagement", "LibraryManagement\LibraryManagement.csproj", "{0D5243A5-4431-43F7-B81E-38BB7FE3AE04}"
EndProject
Project("{9A19103F-16F7-4668-BE54-9A1E7A4F7556}") = "LibraryManagmentTest", "LibraryManagmentTest\LibraryManagmentTest.csproj", "{60734C93-CF1C-4EB1-97E1-9E69BAEDE0D9}"
EndProject
Project("{9A19103F-16F7-4668-BE54-9A1E7A4F7556}") = "LibraryGatewayAPI", "LibraryGatewayAPI\LibraryGatewayAPI.csproj", "{57A7D4D5-983A-44B4-9044-DC5358514C8E}"
EndProject
Global
	GlobalSection(SolutionConfigurationPlatforms) = preSolution
		Debug|Any CPU = Debug|Any CPU
		Release|Any CPU = Release|Any CPU
	EndGlobalSection
	GlobalSection(ProjectConfigurationPlatforms) = postSolution
		{0D5243A5-4431-43F7-B81E-38BB7FE3AE04}.Debug|Any CPU.ActiveCfg = Debug|Any CPU
		{0D5243A5-4431-43F7-B81E-38BB7FE3AE04}.Debug|Any CPU.Build.0 = Debug|Any CPU
		{0D5243A5-4431-43F7-B81E-38BB7FE3AE04}.Release|Any CPU.ActiveCfg = Release|Any CPU
		{0D5243A5-4431-43F7-B81E-38BB7FE3AE04}.Release|Any CPU.Build.0 = Release|Any CPU
		{60734C93-CF1C-4EB1-97E1-9E69BAEDE0D9}.Debug|Any CPU.ActiveCfg = Debug|Any CPU
		{60734C93-CF1C-4EB1-97E1-9E69BAEDE0D9}.Debug|Any CPU.Build.0 = Debug|Any CPU
		{60734C93-CF1C-4EB1-97E1-9E69BAEDE0D9}.Release|Any CPU.ActiveCfg = Release|Any CPU
		{60734C93-CF1C-4EB1-97E1-9E69BAEDE0D9}.Release|Any CPU.Build.0 = Release|Any CPU
		{57A7D4D5-983A-44B4-9044-DC5358514C8E}.Debug|Any CPU.ActiveCfg = Debug|Any CPU
		{57A7D4D5-983A-44B4-9044-DC5358514C8E}.Debug|Any CPU.Build.0 = Debug|Any CPU
		{57A7D4D5-983A-44B4-9044-DC5358514C8E}.Release|Any CPU.ActiveCfg = Release|Any CPU
		{57A7D4D5-983A-44B4-9044-DC5358514C8E}.Release|Any CPU.Build.0 = Release|Any CPU
	EndGlobalSection
	GlobalSection(SolutionProperties) = preSolution
		HideSolutionNode = FALSE
	EndGlobalSection
	GlobalSection(ExtensibilityGlobals) = postSolution
		SolutionGuid = {5CD32607-E3D0-49BD-825E-6183989FF727}
	EndGlobalSection
EndGlobal
